
Microsoft Visual Studio Solution File, Format Version 12.00
# Visual Studio Version 17
VisualStudioVersion = 17.8.34408.163
MinimumVisualStudioVersion = 10.0.40219.1
Project("{FAE04EC0-301F-11D3-BF4B-00C04F79EFBC}") = "ClinicaUH", "ClinicaUH.csproj", "{25B19D08-6B3B-4CDB-8852-3BBC1F3CA754}"
EndProject
Global
	GlobalSection(SolutionConfigurationPlatforms) = preSolution
		Debug|Any CPU = Debug|Any CPU
		Release|Any CPU = Release|Any CPU
	EndGlobalSection
	GlobalSection(ProjectConfigurationPlatforms) = postSolution
		{25B19D08-6B3B-4CDB-8852-3BBC1F3CA754}.Debug|Any CPU.ActiveCfg = Debug|Any CPU
		{25B19D08-6B3B-4CDB-8852-3BBC1F3CA754}.Debug|Any CPU.Build.0 = Debug|Any CPU
		{25B19D08-6B3B-4CDB-8852-3BBC1F3CA754}.Release|Any CPU.ActiveCfg = Release|Any CPU
		{25B19D08-6B3B-4CDB-8852-3BBC1F3CA754}.Release|Any CPU.Build.0 = Release|Any CPU
	EndGlobalSection
	GlobalSection(SolutionProperties) = preSolution
		HideSolutionNode = FALSE
	EndGlobalSection
	GlobalSection(ExtensibilityGlobals) = postSolution
		SolutionGuid = {D79A2831-28D5-45E1-9561-E86C7B35DA22}
	EndGlobalSection
EndGlobal
